
Microsoft Visual Studio Solution File, Format Version 12.00
# Visual Studio Version 17
VisualStudioVersion = 17.8.34309.116
MinimumVisualStudioVersion = 10.0.40219.1
Project("{FAE04EC0-301F-11D3-BF4B-00C04F79EFBC}") = "ODataServiceProject", "ODataServiceProject.csproj", "{50A58FFB-560E-4C28-ACF8-4E1B06ACE31A}"
EndProject
Global
	GlobalSection(SolutionConfigurationPlatforms) = preSolution
		Debug|Any CPU = Debug|Any CPU
		Release|Any CPU = Release|Any CPU
	EndGlobalSection
	GlobalSection(ProjectConfigurationPlatforms) = postSolution
		{50A58FFB-560E-4C28-ACF8-4E1B06ACE31A}.Debug|Any CPU.ActiveCfg = Debug|Any CPU
		{50A58FFB-560E-4C28-ACF8-4E1B06ACE31A}.Debug|Any CPU.Build.0 = Debug|Any CPU
		{50A58FFB-560E-4C28-ACF8-4E1B06ACE31A}.Release|Any CPU.ActiveCfg = Release|Any CPU
		{50A58FFB-560E-4C28-ACF8-4E1B06ACE31A}.Release|Any CPU.Build.0 = Release|Any CPU
	EndGlobalSection
	GlobalSection(SolutionProperties) = preSolution
		HideSolutionNode = FALSE
	EndGlobalSection
	GlobalSection(ExtensibilityGlobals) = postSolution
		SolutionGuid = {6F65D5FE-A78D-4C66-A828-BF1C9F8CFD61}
	EndGlobalSection
EndGlobal
