
Microsoft Visual Studio Solution File, Format Version 12.00
# Visual Studio Version 17
VisualStudioVersion = 17.0.32014.148
MinimumVisualStudioVersion = 10.0.40219.1
Project("{FAE04EC0-301F-11D3-BF4B-00C04F79EFBC}") = "ODataCRUDServerApp", "ODataCRUDServerApp\ODataCRUDServerApp.csproj", "{FB3B5C89-371B-4EC2-80C8-72BC608D3632}"
EndProject
Project("{FAE04EC0-301F-11D3-BF4B-00C04F79EFBC}") = "ODataServiceProject", "ODataServiceProject\ODataServiceProject.csproj", "{8F30CD33-54BA-4F5A-BD99-7543F91BBDFA}"
EndProject
Global
	GlobalSection(SolutionConfigurationPlatforms) = preSolution
		Debug|Any CPU = Debug|Any CPU
		Release|Any CPU = Release|Any CPU
	EndGlobalSection
	GlobalSection(ProjectConfigurationPlatforms) = postSolution
		{FB3B5C89-371B-4EC2-80C8-72BC608D3632}.Debug|Any CPU.ActiveCfg = Debug|Any CPU
		{FB3B5C89-371B-4EC2-80C8-72BC608D3632}.Debug|Any CPU.Build.0 = Debug|Any CPU
		{FB3B5C89-371B-4EC2-80C8-72BC608D3632}.Release|Any CPU.ActiveCfg = Release|Any CPU
		{FB3B5C89-371B-4EC2-80C8-72BC608D3632}.Release|Any CPU.Build.0 = Release|Any CPU
		{8F30CD33-54BA-4F5A-BD99-7543F91BBDFA}.Debug|Any CPU.ActiveCfg = Debug|Any CPU
		{8F30CD33-54BA-4F5A-BD99-7543F91BBDFA}.Debug|Any CPU.Build.0 = Debug|Any CPU
		{8F30CD33-54BA-4F5A-BD99-7543F91BBDFA}.Release|Any CPU.ActiveCfg = Release|Any CPU
		{8F30CD33-54BA-4F5A-BD99-7543F91BBDFA}.Release|Any CPU.Build.0 = Release|Any CPU
	EndGlobalSection
	GlobalSection(SolutionProperties) = preSolution
		HideSolutionNode = FALSE
	EndGlobalSection
	GlobalSection(ExtensibilityGlobals) = postSolution
		SolutionGuid = {90407494-E5CC-4894-8DE3-3F6EAAE735FD}
	EndGlobalSection
EndGlobal
